// !$*UTF8*$!
{
	archiveVersion = 1;
	classes = {
	};
	objectVersion = 50;
	objects = {

/* Begin PBXBuildFile section */
		78087B7A43E3DC1038249D7F /* Pods_AllInOne.framework in Frameworks */ = {isa = PBXBuildFile; fileRef = 593BA87FCE571F03E271DEFB /* Pods_AllInOne.framework */; };
		E213655A21CA29A600B57669 /* H-GungSeo2.2.ttf in Resources */ = {isa = PBXBuildFile; fileRef = E213655921CA299100B57669 /* H-GungSeo2.2.ttf */; };
		E215D78521F07BF30008D9F1 /* HomeNavController.swift in Sources */ = {isa = PBXBuildFile; fileRef = E215D78421F07BF30008D9F1 /* HomeNavController.swift */; };
		E215D78821F0833F0008D9F1 /* HomeTopView.swift in Sources */ = {isa = PBXBuildFile; fileRef = E215D78721F0833F0008D9F1 /* HomeTopView.swift */; };
		E215D78A21F086E10008D9F1 /* ExtenSion.swift in Sources */ = {isa = PBXBuildFile; fileRef = E215D78921F086E10008D9F1 /* ExtenSion.swift */; };
		E21820B622004C230050B7D1 /* CalenderTaskCell.swift in Sources */ = {isa = PBXBuildFile; fileRef = E21820B522004C230050B7D1 /* CalenderTaskCell.swift */; };
		E21820B822005BC90050B7D1 /* TaskEmptyView.swift in Sources */ = {isa = PBXBuildFile; fileRef = E21820B722005BC90050B7D1 /* TaskEmptyView.swift */; };
		E230891021F172B60098810B /* HomeCollectionCell.swift in Sources */ = {isa = PBXBuildFile; fileRef = E230890F21F172B60098810B /* HomeCollectionCell.swift */; };
		E230892321F1AAF80098810B /* CalendarController.swift in Sources */ = {isa = PBXBuildFile; fileRef = E230891821F1AAF70098810B /* CalendarController.swift */; };
		E230892421F1AAF80098810B /* CalendarModel.swift in Sources */ = {isa = PBXBuildFile; fileRef = E230891A21F1AAF70098810B /* CalendarModel.swift */; };
		E230892521F1AAF80098810B /* CalendarHistoryModel.swift in Sources */ = {isa = PBXBuildFile; fileRef = E230891B21F1AAF70098810B /* CalendarHistoryModel.swift */; };
		E230892621F1AAF80098810B /* CalendarInfoCell.swift in Sources */ = {isa = PBXBuildFile; fileRef = E230891D21F1AAF70098810B /* CalendarInfoCell.swift */; };
		E230892721F1AAF80098810B /* CalendarTodayHistoryCell.swift in Sources */ = {isa = PBXBuildFile; fileRef = E230891E21F1AAF70098810B /* CalendarTodayHistoryCell.swift */; };
		E230892821F1AAF80098810B /* LunarFormatter.swift in Sources */ = {isa = PBXBuildFile; fileRef = E230891F21F1AAF70098810B /* LunarFormatter.swift */; };
		E230892A21F1B2F60098810B /* EXPressController.swift in Sources */ = {isa = PBXBuildFile; fileRef = E230892921F1B2F60098810B /* EXPressController.swift */; };
		E230892C21F1BBF80098810B /* ExpressCell.swift in Sources */ = {isa = PBXBuildFile; fileRef = E230892B21F1BBF80098810B /* ExpressCell.swift */; };
		E256259A21A4F672004A213C /* AppDelegate.swift in Sources */ = {isa = PBXBuildFile; fileRef = E256259921A4F672004A213C /* AppDelegate.swift */; };
		E256259C21A4F672004A213C /* ViewController.swift in Sources */ = {isa = PBXBuildFile; fileRef = E256259B21A4F672004A213C /* ViewController.swift */; };
		E256259F21A4F673004A213C /* Main.storyboard in Resources */ = {isa = PBXBuildFile; fileRef = E256259D21A4F673004A213C /* Main.storyboard */; };
		E25625A121A4F674004A213C /* Assets.xcassets in Resources */ = {isa = PBXBuildFile; fileRef = E25625A021A4F674004A213C /* Assets.xcassets */; };
		E25625A421A4F674004A213C /* LaunchScreen.storyboard in Resources */ = {isa = PBXBuildFile; fileRef = E25625A221A4F674004A213C /* LaunchScreen.storyboard */; };
		E25625AF21A4F674004A213C /* AllInOneTests.swift in Sources */ = {isa = PBXBuildFile; fileRef = E25625AE21A4F674004A213C /* AllInOneTests.swift */; };
		E25625BA21A4F674004A213C /* AllInOneUITests.swift in Sources */ = {isa = PBXBuildFile; fileRef = E25625B921A4F674004A213C /* AllInOneUITests.swift */; };
		E25625CF21A503E4004A213C /* CommonDefin.swift in Sources */ = {isa = PBXBuildFile; fileRef = E25625CE21A503E4004A213C /* CommonDefin.swift */; };
		E25625D121A50872004A213C /* SnapKit.framework in Frameworks */ = {isa = PBXBuildFile; fileRef = E25625D021A50872004A213C /* SnapKit.framework */; };
		E25625D321A5094B004A213C /* Foundation.framework in Frameworks */ = {isa = PBXBuildFile; fileRef = E25625D221A5094B004A213C /* Foundation.framework */; };
		E2602CB121A7990E008A3A06 /* Alamofire.framework in Frameworks */ = {isa = PBXBuildFile; fileRef = E2602CB021A7990E008A3A06 /* Alamofire.framework */; };
		E2602CB821A7A3F8008A3A06 /* CommonModel.swift in Sources */ = {isa = PBXBuildFile; fileRef = E2602CB721A7A3F8008A3A06 /* CommonModel.swift */; };
		E260A58E21FAFAA000DFD1BB /* NetWorkTools.swift in Sources */ = {isa = PBXBuildFile; fileRef = E260A58D21FAFAA000DFD1BB /* NetWorkTools.swift */; };
		E260A59021FAFAEC00DFD1BB /* ExpressModel.swift in Sources */ = {isa = PBXBuildFile; fileRef = E260A58F21FAFAEC00DFD1BB /* ExpressModel.swift */; };
		E260A59221FB1A4E00DFD1BB /* QRCodeUtil.swift in Sources */ = {isa = PBXBuildFile; fileRef = E260A59121FB1A4E00DFD1BB /* QRCodeUtil.swift */; };
		E260A59421FB1AAD00DFD1BB /* QRCodeController.swift in Sources */ = {isa = PBXBuildFile; fileRef = E260A59321FB1AAD00DFD1BB /* QRCodeController.swift */; };
		E29D1D5421FEFBC400316F36 /* ScanController.swift in Sources */ = {isa = PBXBuildFile; fileRef = E29D1D5321FEFBC400316F36 /* ScanController.swift */; };
/* End PBXBuildFile section */

/* Begin PBXContainerItemProxy section */
		E25625AB21A4F674004A213C /* PBXContainerItemProxy */ = {
			isa = PBXContainerItemProxy;
			containerPortal = E256258E21A4F672004A213C /* Project object */;
			proxyType = 1;
			remoteGlobalIDString = E256259521A4F672004A213C;
			remoteInfo = AllInOne;
		};
		E25625B621A4F674004A213C /* PBXContainerItemProxy */ = {
			isa = PBXContainerItemProxy;
			containerPortal = E256258E21A4F672004A213C /* Project object */;
			proxyType = 1;
			remoteGlobalIDString = E256259521A4F672004A213C;
			remoteInfo = AllInOne;
		};
/* End PBXContainerItemProxy section */

/* Begin PBXFileReference section */
		0BD4C38962B936597C7CFA14 /* Pods-AllInOne.release.xcconfig */ = {isa = PBXFileReference; includeInIndex = 1; lastKnownFileType = text.xcconfig; name = "Pods-AllInOne.release.xcconfig"; path = "Pods/Target Support Files/Pods-AllInOne/Pods-AllInOne.release.xcconfig"; sourceTree = "<group>"; };
		593BA87FCE571F03E271DEFB /* Pods_AllInOne.framework */ = {isa = PBXFileReference; explicitFileType = wrapper.framework; includeInIndex = 0; path = Pods_AllInOne.framework; sourceTree = BUILT_PRODUCTS_DIR; };
		E213655921CA299100B57669 /* H-GungSeo2.2.ttf */ = {isa = PBXFileReference; lastKnownFileType = file; path = "H-GungSeo2.2.ttf"; sourceTree = "<group>"; };
		E215D78421F07BF30008D9F1 /* HomeNavController.swift */ = {isa = PBXFileReference; lastKnownFileType = sourcecode.swift; path = HomeNavController.swift; sourceTree = "<group>"; };
		E215D78721F0833F0008D9F1 /* HomeTopView.swift */ = {isa = PBXFileReference; lastKnownFileType = sourcecode.swift; path = HomeTopView.swift; sourceTree = "<group>"; };
		E215D78921F086E10008D9F1 /* ExtenSion.swift */ = {isa = PBXFileReference; lastKnownFileType = sourcecode.swift; path = ExtenSion.swift; sourceTree = "<group>"; };
		E21820B522004C230050B7D1 /* CalenderTaskCell.swift */ = {isa = PBXFileReference; lastKnownFileType = sourcecode.swift; path = CalenderTaskCell.swift; sourceTree = "<group>"; };
		E21820B722005BC90050B7D1 /* TaskEmptyView.swift */ = {isa = PBXFileReference; lastKnownFileType = sourcecode.swift; path = TaskEmptyView.swift; sourceTree = "<group>"; };
		E230890F21F172B60098810B /* HomeCollectionCell.swift */ = {isa = PBXFileReference; lastKnownFileType = sourcecode.swift; path = HomeCollectionCell.swift; sourceTree = "<group>"; };
		E230891821F1AAF70098810B /* CalendarController.swift */ = {isa = PBXFileReference; fileEncoding = 4; lastKnownFileType = sourcecode.swift; path = CalendarController.swift; sourceTree = "<group>"; };
		E230891A21F1AAF70098810B /* CalendarModel.swift */ = {isa = PBXFileReference; fileEncoding = 4; lastKnownFileType = sourcecode.swift; path = CalendarModel.swift; sourceTree = "<group>"; };
		E230891B21F1AAF70098810B /* CalendarHistoryModel.swift */ = {isa = PBXFileReference; fileEncoding = 4; lastKnownFileType = sourcecode.swift; path = CalendarHistoryModel.swift; sourceTree = "<group>"; };
		E230891D21F1AAF70098810B /* CalendarInfoCell.swift */ = {isa = PBXFileReference; fileEncoding = 4; lastKnownFileType = sourcecode.swift; path = CalendarInfoCell.swift; sourceTree = "<group>"; };
		E230891E21F1AAF70098810B /* CalendarTodayHistoryCell.swift */ = {isa = PBXFileReference; fileEncoding = 4; lastKnownFileType = sourcecode.swift; path = CalendarTodayHistoryCell.swift; sourceTree = "<group>"; };
		E230891F21F1AAF70098810B /* LunarFormatter.swift */ = {isa = PBXFileReference; fileEncoding = 4; lastKnownFileType = sourcecode.swift; path = LunarFormatter.swift; sourceTree = "<group>"; };
		E230892921F1B2F60098810B /* EXPressController.swift */ = {isa = PBXFileReference; lastKnownFileType = sourcecode.swift; path = EXPressController.swift; sourceTree = "<group>"; };
		E230892B21F1BBF80098810B /* ExpressCell.swift */ = {isa = PBXFileReference; lastKnownFileType = sourcecode.swift; path = ExpressCell.swift; sourceTree = "<group>"; };
		E256259621A4F672004A213C /* AllInOne.app */ = {isa = PBXFileReference; explicitFileType = wrapper.application; includeInIndex = 0; path = AllInOne.app; sourceTree = BUILT_PRODUCTS_DIR; };
		E256259921A4F672004A213C /* AppDelegate.swift */ = {isa = PBXFileReference; lastKnownFileType = sourcecode.swift; path = AppDelegate.swift; sourceTree = "<group>"; };
		E256259B21A4F672004A213C /* ViewController.swift */ = {isa = PBXFileReference; lastKnownFileType = sourcecode.swift; path = ViewController.swift; sourceTree = "<group>"; };
		E256259E21A4F673004A213C /* Base */ = {isa = PBXFileReference; lastKnownFileType = file.storyboard; name = Base; path = Base.lproj/Main.storyboard; sourceTree = "<group>"; };
		E25625A021A4F674004A213C /* Assets.xcassets */ = {isa = PBXFileReference; lastKnownFileType = folder.assetcatalog; path = Assets.xcassets; sourceTree = "<group>"; };
		E25625A321A4F674004A213C /* Base */ = {isa = PBXFileReference; lastKnownFileType = file.storyboard; name = Base; path = Base.lproj/LaunchScreen.storyboard; sourceTree = "<group>"; };
		E25625A521A4F674004A213C /* Info.plist */ = {isa = PBXFileReference; lastKnownFileType = text.plist.xml; path = Info.plist; sourceTree = "<group>"; };
		E25625AA21A4F674004A213C /* AllInOneTests.xctest */ = {isa = PBXFileReference; explicitFileType = wrapper.cfbundle; includeInIndex = 0; path = AllInOneTests.xctest; sourceTree = BUILT_PRODUCTS_DIR; };
		E25625AE21A4F674004A213C /* AllInOneTests.swift */ = {isa = PBXFileReference; lastKnownFileType = sourcecode.swift; path = AllInOneTests.swift; sourceTree = "<group>"; };
		E25625B021A4F674004A213C /* Info.plist */ = {isa = PBXFileReference; lastKnownFileType = text.plist.xml; path = Info.plist; sourceTree = "<group>"; };
		E25625B521A4F674004A213C /* AllInOneUITests.xctest */ = {isa = PBXFileReference; explicitFileType = wrapper.cfbundle; includeInIndex = 0; path = AllInOneUITests.xctest; sourceTree = BUILT_PRODUCTS_DIR; };
		E25625B921A4F674004A213C /* AllInOneUITests.swift */ = {isa = PBXFileReference; lastKnownFileType = sourcecode.swift; path = AllInOneUITests.swift; sourceTree = "<group>"; };
		E25625BB21A4F674004A213C /* Info.plist */ = {isa = PBXFileReference; lastKnownFileType = text.plist.xml; path = Info.plist; sourceTree = "<group>"; };
		E25625CE21A503E4004A213C /* CommonDefin.swift */ = {isa = PBXFileReference; lastKnownFileType = sourcecode.swift; path = CommonDefin.swift; sourceTree = "<group>"; };
		E25625D021A50872004A213C /* SnapKit.framework */ = {isa = PBXFileReference; explicitFileType = wrapper.framework; path = SnapKit.framework; sourceTree = BUILT_PRODUCTS_DIR; };
		E25625D221A5094B004A213C /* Foundation.framework */ = {isa = PBXFileReference; lastKnownFileType = wrapper.framework; name = Foundation.framework; path = System/Library/Frameworks/Foundation.framework; sourceTree = SDKROOT; };
		E2602CB021A7990E008A3A06 /* Alamofire.framework */ = {isa = PBXFileReference; explicitFileType = wrapper.framework; path = Alamofire.framework; sourceTree = BUILT_PRODUCTS_DIR; };
		E2602CB721A7A3F8008A3A06 /* CommonModel.swift */ = {isa = PBXFileReference; lastKnownFileType = sourcecode.swift; path = CommonModel.swift; sourceTree = "<group>"; };
		E260A58D21FAFAA000DFD1BB /* NetWorkTools.swift */ = {isa = PBXFileReference; lastKnownFileType = sourcecode.swift; path = NetWorkTools.swift; sourceTree = "<group>"; };
		E260A58F21FAFAEC00DFD1BB /* ExpressModel.swift */ = {isa = PBXFileReference; lastKnownFileType = sourcecode.swift; path = ExpressModel.swift; sourceTree = "<group>"; };
		E260A59121FB1A4E00DFD1BB /* QRCodeUtil.swift */ = {isa = PBXFileReference; lastKnownFileType = sourcecode.swift; path = QRCodeUtil.swift; sourceTree = "<group>"; };
		E260A59321FB1AAD00DFD1BB /* QRCodeController.swift */ = {isa = PBXFileReference; lastKnownFileType = sourcecode.swift; path = QRCodeController.swift; sourceTree = "<group>"; };
		E29D1D5321FEFBC400316F36 /* ScanController.swift */ = {isa = PBXFileReference; lastKnownFileType = sourcecode.swift; path = ScanController.swift; sourceTree = "<group>"; };
		E2C6F6B721A551C200BFCDA4 /* Objc-Bridge-Header.h */ = {isa = PBXFileReference; lastKnownFileType = sourcecode.c.h; path = "Objc-Bridge-Header.h"; sourceTree = "<group>"; };
		FFF19CD84A001EEE63D337EE /* Pods-AllInOne.debug.xcconfig */ = {isa = PBXFileReference; includeInIndex = 1; lastKnownFileType = text.xcconfig; name = "Pods-AllInOne.debug.xcconfig"; path = "Pods/Target Support Files/Pods-AllInOne/Pods-AllInOne.debug.xcconfig"; sourceTree = "<group>"; };
/* End PBXFileReference section */

/* Begin PBXFrameworksBuildPhase section */
		E256259321A4F672004A213C /* Frameworks */ = {
			isa = PBXFrameworksBuildPhase;
			buildActionMask = 2147483647;
			files = (
				E2602CB121A7990E008A3A06 /* Alamofire.framework in Frameworks */,
				E25625D321A5094B004A213C /* Foundation.framework in Frameworks */,
				E25625D121A50872004A213C /* SnapKit.framework in Frameworks */,
				78087B7A43E3DC1038249D7F /* Pods_AllInOne.framework in Frameworks */,
			);
			runOnlyForDeploymentPostprocessing = 0;
		};
		E25625A721A4F674004A213C /* Frameworks */ = {
			isa = PBXFrameworksBuildPhase;
			buildActionMask = 2147483647;
			files = (
			);
			runOnlyForDeploymentPostprocessing = 0;
		};
		E25625B221A4F674004A213C /* Frameworks */ = {
			isa = PBXFrameworksBuildPhase;
			buildActionMask = 2147483647;
			files = (
			);
			runOnlyForDeploymentPostprocessing = 0;
		};
/* End PBXFrameworksBuildPhase section */

/* Begin PBXGroup section */
		215112A854BB4BDC31BADB69 /* Frameworks */ = {
			isa = PBXGroup;
			children = (
				E2602CB021A7990E008A3A06 /* Alamofire.framework */,
				E25625D221A5094B004A213C /* Foundation.framework */,
				E25625D021A50872004A213C /* SnapKit.framework */,
				593BA87FCE571F03E271DEFB /* Pods_AllInOne.framework */,
			);
			name = Frameworks;
			sourceTree = "<group>";
		};
		B18F32DB4C51FC2877A78E20 /* Pods */ = {
			isa = PBXGroup;
			children = (
				FFF19CD84A001EEE63D337EE /* Pods-AllInOne.debug.xcconfig */,
				0BD4C38962B936597C7CFA14 /* Pods-AllInOne.release.xcconfig */,
			);
			name = Pods;
			sourceTree = "<group>";
		};
		E215D78621F083260008D9F1 /* Home */ = {
			isa = PBXGroup;
			children = (
				E215D78421F07BF30008D9F1 /* HomeNavController.swift */,
				E215D78721F0833F0008D9F1 /* HomeTopView.swift */,
				E230890F21F172B60098810B /* HomeCollectionCell.swift */,
			);
			path = Home;
			sourceTree = "<group>";
		};
		E230891221F1AA1D0098810B /* Controllers */ = {
			isa = PBXGroup;
			children = (
				E230891321F1AAF70098810B /* BeautfulImag(精美图片) */,
				E230891621F1AAF70098810B /* Calernder(万年历) */,
				E230892221F1AAF80098810B /* Express(快递查询) */,
				E230891521F1AAF70098810B /* PhoneArea(手机归属地) */,
				E230892021F1AAF80098810B /* QRCode(二维码) */,
				E230892121F1AAF80098810B /* Wheather(天气预报) */,
				E230891421F1AAF70098810B /* WIFI(密码查看器) */,
			);
			path = Controllers;
			sourceTree = "<group>";
		};
		E230891321F1AAF70098810B /* BeautfulImag(精美图片) */ = {
			isa = PBXGroup;
			children = (
			);
			path = "BeautfulImag(精美图片)";
			sourceTree = "<group>";
		};
		E230891421F1AAF70098810B /* WIFI(密码查看器) */ = {
			isa = PBXGroup;
			children = (
			);
			path = "WIFI(密码查看器)";
			sourceTree = "<group>";
		};
		E230891521F1AAF70098810B /* PhoneArea(手机归属地) */ = {
			isa = PBXGroup;
			children = (
			);
			path = "PhoneArea(手机归属地)";
			sourceTree = "<group>";
		};
		E230891621F1AAF70098810B /* Calernder(万年历) */ = {
			isa = PBXGroup;
			children = (
				E230891721F1AAF70098810B /* Controller */,
				E230891921F1AAF70098810B /* Model */,
				E230891C21F1AAF70098810B /* View */,
				E230891F21F1AAF70098810B /* LunarFormatter.swift */,
			);
			path = "Calernder(万年历)";
			sourceTree = "<group>";
		};
		E230891721F1AAF70098810B /* Controller */ = {
			isa = PBXGroup;
			children = (
				E230891821F1AAF70098810B /* CalendarController.swift */,
			);
			path = Controller;
			sourceTree = "<group>";
		};
		E230891921F1AAF70098810B /* Model */ = {
			isa = PBXGroup;
			children = (
				E230891A21F1AAF70098810B /* CalendarModel.swift */,
				E230891B21F1AAF70098810B /* CalendarHistoryModel.swift */,
			);
			path = Model;
			sourceTree = "<group>";
		};
		E230891C21F1AAF70098810B /* View */ = {
			isa = PBXGroup;
			children = (
				E230891D21F1AAF70098810B /* CalendarInfoCell.swift */,
				E230891E21F1AAF70098810B /* CalendarTodayHistoryCell.swift */,
				E21820B522004C230050B7D1 /* CalenderTaskCell.swift */,
				E21820B722005BC90050B7D1 /* TaskEmptyView.swift */,
			);
			path = View;
			sourceTree = "<group>";
		};
		E230892021F1AAF80098810B /* QRCode(二维码) */ = {
			isa = PBXGroup;
			children = (
				E260A59121FB1A4E00DFD1BB /* QRCodeUtil.swift */,
				E260A59321FB1AAD00DFD1BB /* QRCodeController.swift */,
			);
			path = "QRCode(二维码)";
			sourceTree = "<group>";
		};
		E230892121F1AAF80098810B /* Wheather(天气预报) */ = {
			isa = PBXGroup;
			children = (
			);
			path = "Wheather(天气预报)";
			sourceTree = "<group>";
		};
		E230892221F1AAF80098810B /* Express(快递查询) */ = {
			isa = PBXGroup;
			children = (
				E230892921F1B2F60098810B /* EXPressController.swift */,
				E29D1D5321FEFBC400316F36 /* ScanController.swift */,
				E230892B21F1BBF80098810B /* ExpressCell.swift */,
				E260A58F21FAFAEC00DFD1BB /* ExpressModel.swift */,
			);
			path = "Express(快递查询)";
			sourceTree = "<group>";
		};
		E256258D21A4F672004A213C = {
			isa = PBXGroup;
			children = (
				E256259821A4F672004A213C /* AllInOne */,
				E25625AD21A4F674004A213C /* AllInOneTests */,
				E25625B821A4F674004A213C /* AllInOneUITests */,
				E256259721A4F672004A213C /* Products */,
				B18F32DB4C51FC2877A78E20 /* Pods */,
				215112A854BB4BDC31BADB69 /* Frameworks */,
			);
			sourceTree = "<group>";
		};
		E256259721A4F672004A213C /* Products */ = {
			isa = PBXGroup;
			children = (
				E256259621A4F672004A213C /* AllInOne.app */,
				E25625AA21A4F674004A213C /* AllInOneTests.xctest */,
				E25625B521A4F674004A213C /* AllInOneUITests.xctest */,
			);
			name = Products;
			sourceTree = "<group>";
		};
		E256259821A4F672004A213C /* AllInOne */ = {
			isa = PBXGroup;
			children = (
				E256259921A4F672004A213C /* AppDelegate.swift */,
				E215D78621F083260008D9F1 /* Home */,
				E230891221F1AA1D0098810B /* Controllers */,
				E25625CB21A502CB004A213C /* Main */,
				E25625CC21A502CB004A213C /* CommonDefine */,
				E25625CD21A502CB004A213C /* Tools */,
				E256259D21A4F673004A213C /* Main.storyboard */,
				E25625A021A4F674004A213C /* Assets.xcassets */,
				E25625A221A4F674004A213C /* LaunchScreen.storyboard */,
				E25625A521A4F674004A213C /* Info.plist */,
				E2C6F6B721A551C200BFCDA4 /* Objc-Bridge-Header.h */,
			);
			path = AllInOne;
			sourceTree = "<group>";
		};
		E25625AD21A4F674004A213C /* AllInOneTests */ = {
			isa = PBXGroup;
			children = (
				E25625AE21A4F674004A213C /* AllInOneTests.swift */,
				E25625B021A4F674004A213C /* Info.plist */,
			);
			path = AllInOneTests;
			sourceTree = "<group>";
		};
		E25625B821A4F674004A213C /* AllInOneUITests */ = {
			isa = PBXGroup;
			children = (
				E25625B921A4F674004A213C /* AllInOneUITests.swift */,
				E25625BB21A4F674004A213C /* Info.plist */,
			);
			path = AllInOneUITests;
			sourceTree = "<group>";
		};
		E25625CB21A502CB004A213C /* Main */ = {
			isa = PBXGroup;
			children = (
				E256259B21A4F672004A213C /* ViewController.swift */,
				E2602CB721A7A3F8008A3A06 /* CommonModel.swift */,
			);
			path = Main;
			sourceTree = "<group>";
		};
		E25625CC21A502CB004A213C /* CommonDefine */ = {
			isa = PBXGroup;
			children = (
				E25625CE21A503E4004A213C /* CommonDefin.swift */,
			);
			path = CommonDefine;
			sourceTree = "<group>";
		};
		E25625CD21A502CB004A213C /* Tools */ = {
			isa = PBXGroup;
			children = (
				E213655921CA299100B57669 /* H-GungSeo2.2.ttf */,
				E215D78921F086E10008D9F1 /* ExtenSion.swift */,
				E260A58D21FAFAA000DFD1BB /* NetWorkTools.swift */,
			);
			path = Tools;
			sourceTree = "<group>";
		};
/* End PBXGroup section */

/* Begin PBXNativeTarget section */
		E256259521A4F672004A213C /* AllInOne */ = {
			isa = PBXNativeTarget;
			buildConfigurationList = E25625BE21A4F674004A213C /* Build configuration list for PBXNativeTarget "AllInOne" */;
			buildPhases = (
				5FA649A9F4B57FB6617C593A /* [CP] Check Pods Manifest.lock */,
				E256259221A4F672004A213C /* Sources */,
				E256259321A4F672004A213C /* Frameworks */,
				E256259421A4F672004A213C /* Resources */,
				D149614698E4C00DC1390CEF /* [CP] Embed Pods Frameworks */,
				F221388AC80A91E42632C2FB /* [CP] Copy Pods Resources */,
			);
			buildRules = (
			);
			dependencies = (
			);
			name = AllInOne;
			productName = AllInOne;
			productReference = E256259621A4F672004A213C /* AllInOne.app */;
			productType = "com.apple.product-type.application";
		};
		E25625A921A4F674004A213C /* AllInOneTests */ = {
			isa = PBXNativeTarget;
			buildConfigurationList = E25625C121A4F674004A213C /* Build configuration list for PBXNativeTarget "AllInOneTests" */;
			buildPhases = (
				E25625A621A4F674004A213C /* Sources */,
				E25625A721A4F674004A213C /* Frameworks */,
				E25625A821A4F674004A213C /* Resources */,
			);
			buildRules = (
			);
			dependencies = (
				E25625AC21A4F674004A213C /* PBXTargetDependency */,
			);
			name = AllInOneTests;
			productName = AllInOneTests;
			productReference = E25625AA21A4F674004A213C /* AllInOneTests.xctest */;
			productType = "com.apple.product-type.bundle.unit-test";
		};
		E25625B421A4F674004A213C /* AllInOneUITests */ = {
			isa = PBXNativeTarget;
			buildConfigurationList = E25625C421A4F674004A213C /* Build configuration list for PBXNativeTarget "AllInOneUITests" */;
			buildPhases = (
				E25625B121A4F674004A213C /* Sources */,
				E25625B221A4F674004A213C /* Frameworks */,
				E25625B321A4F674004A213C /* Resources */,
			);
			buildRules = (
			);
			dependencies = (
				E25625B721A4F674004A213C /* PBXTargetDependency */,
			);
			name = AllInOneUITests;
			productName = AllInOneUITests;
			productReference = E25625B521A4F674004A213C /* AllInOneUITests.xctest */;
			productType = "com.apple.product-type.bundle.ui-testing";
		};
/* End PBXNativeTarget section */

/* Begin PBXProject section */
		E256258E21A4F672004A213C /* Project object */ = {
			isa = PBXProject;
			attributes = {
				LastSwiftUpdateCheck = 1010;
				LastUpgradeCheck = 1010;
				ORGANIZATIONNAME = "马聪聪";
				TargetAttributes = {
					E256259521A4F672004A213C = {
						CreatedOnToolsVersion = 10.1;
					};
					E25625A921A4F674004A213C = {
						CreatedOnToolsVersion = 10.1;
						TestTargetID = E256259521A4F672004A213C;
					};
					E25625B421A4F674004A213C = {
						CreatedOnToolsVersion = 10.1;
						TestTargetID = E256259521A4F672004A213C;
					};
				};
			};
			buildConfigurationList = E256259121A4F672004A213C /* Build configuration list for PBXProject "AllInOne" */;
			compatibilityVersion = "Xcode 9.3";
			developmentRegion = en;
			hasScannedForEncodings = 0;
			knownRegions = (
				en,
				Base,
			);
			mainGroup = E256258D21A4F672004A213C;
			productRefGroup = E256259721A4F672004A213C /* Products */;
			projectDirPath = "";
			projectRoot = "";
			targets = (
				E256259521A4F672004A213C /* AllInOne */,
				E25625A921A4F674004A213C /* AllInOneTests */,
				E25625B421A4F674004A213C /* AllInOneUITests */,
			);
		};
/* End PBXProject section */

/* Begin PBXResourcesBuildPhase section */
		E256259421A4F672004A213C /* Resources */ = {
			isa = PBXResourcesBuildPhase;
			buildActionMask = 2147483647;
			files = (
				E213655A21CA29A600B57669 /* H-GungSeo2.2.ttf in Resources */,
				E25625A421A4F674004A213C /* LaunchScreen.storyboard in Resources */,
				E25625A121A4F674004A213C /* Assets.xcassets in Resources */,
				E256259F21A4F673004A213C /* Main.storyboard in Resources */,
			);
			runOnlyForDeploymentPostprocessing = 0;
		};
		E25625A821A4F674004A213C /* Resources */ = {
			isa = PBXResourcesBuildPhase;
			buildActionMask = 2147483647;
			files = (
			);
			runOnlyForDeploymentPostprocessing = 0;
		};
		E25625B321A4F674004A213C /* Resources */ = {
			isa = PBXResourcesBuildPhase;
			buildActionMask = 2147483647;
			files = (
			);
			runOnlyForDeploymentPostprocessing = 0;
		};
/* End PBXResourcesBuildPhase section */

/* Begin PBXShellScriptBuildPhase section */
		5FA649A9F4B57FB6617C593A /* [CP] Check Pods Manifest.lock */ = {
			isa = PBXShellScriptBuildPhase;
			buildActionMask = 2147483647;
			files = (
			);
			inputFileListPaths = (
			);
			inputPaths = (
				"${PODS_PODFILE_DIR_PATH}/Podfile.lock",
				"${PODS_ROOT}/Manifest.lock",
			);
			name = "[CP] Check Pods Manifest.lock";
			outputFileListPaths = (
			);
			outputPaths = (
				"$(DERIVED_FILE_DIR)/Pods-AllInOne-checkManifestLockResult.txt",
			);
			runOnlyForDeploymentPostprocessing = 0;
			shellPath = /bin/sh;
			shellScript = "diff \"${PODS_PODFILE_DIR_PATH}/Podfile.lock\" \"${PODS_ROOT}/Manifest.lock\" > /dev/null\nif [ $? != 0 ] ; then\n    # print error to STDERR\n    echo \"error: The sandbox is not in sync with the Podfile.lock. Run 'pod install' or update your CocoaPods installation.\" >&2\n    exit 1\nfi\n# This output is used by Xcode 'outputs' to avoid re-running this script phase.\necho \"SUCCESS\" > \"${SCRIPT_OUTPUT_FILE_0}\"\n";
			showEnvVarsInLog = 0;
		};
		D149614698E4C00DC1390CEF /* [CP] Embed Pods Frameworks */ = {
			isa = PBXShellScriptBuildPhase;
			buildActionMask = 2147483647;
			files = (
			);
			inputFileListPaths = (
			);
			inputPaths = (
				"${SRCROOT}/Pods/Target Support Files/Pods-AllInOne/Pods-AllInOne-frameworks.sh",
				"${BUILT_PRODUCTS_DIR}/Alamofire/Alamofire.framework",
				"${BUILT_PRODUCTS_DIR}/FSCalendar/FSCalendar.framework",
				"${BUILT_PRODUCTS_DIR}/HRQRCodeScanTool/HRQRCodeScanTool.framework",
				"${BUILT_PRODUCTS_DIR}/Hue/Hue.framework",
				"${BUILT_PRODUCTS_DIR}/SnapKit/SnapKit.framework",
				"${BUILT_PRODUCTS_DIR}/SteviaLayout/Stevia.framework",
				"${BUILT_PRODUCTS_DIR}/SwiftyJSON/SwiftyJSON.framework",
			);
			name = "[CP] Embed Pods Frameworks";
			outputFileListPaths = (
			);
			outputPaths = (
				"${TARGET_BUILD_DIR}/${FRAMEWORKS_FOLDER_PATH}/Alamofire.framework",
				"${TARGET_BUILD_DIR}/${FRAMEWORKS_FOLDER_PATH}/FSCalendar.framework",
				"${TARGET_BUILD_DIR}/${FRAMEWORKS_FOLDER_PATH}/HRQRCodeScanTool.framework",
				"${TARGET_BUILD_DIR}/${FRAMEWORKS_FOLDER_PATH}/Hue.framework",
				"${TARGET_BUILD_DIR}/${FRAMEWORKS_FOLDER_PATH}/SnapKit.framework",
				"${TARGET_BUILD_DIR}/${FRAMEWORKS_FOLDER_PATH}/Stevia.framework",
				"${TARGET_BUILD_DIR}/${FRAMEWORKS_FOLDER_PATH}/SwiftyJSON.framework",
			);
			runOnlyForDeploymentPostprocessing = 0;
			shellPath = /bin/sh;
			shellScript = "\"${SRCROOT}/Pods/Target Support Files/Pods-AllInOne/Pods-AllInOne-frameworks.sh\"\n";
			showEnvVarsInLog = 0;
		};
		F221388AC80A91E42632C2FB /* [CP] Copy Pods Resources */ = {
			isa = PBXShellScriptBuildPhase;
			buildActionMask = 2147483647;
			files = (
			);
			inputFileListPaths = (
			);
			inputPaths = (
				"${SRCROOT}/Pods/Target Support Files/Pods-AllInOne/Pods-AllInOne-resources.sh",
				"${PODS_ROOT}/UMCShare/UMShare/UMSocialUI/UMSocialSDKResources.bundle",
			);
			name = "[CP] Copy Pods Resources";
			outputFileListPaths = (
			);
			outputPaths = (
				"${TARGET_BUILD_DIR}/${UNLOCALIZED_RESOURCES_FOLDER_PATH}/UMSocialSDKResources.bundle",
			);
			runOnlyForDeploymentPostprocessing = 0;
			shellPath = /bin/sh;
			shellScript = "\"${SRCROOT}/Pods/Target Support Files/Pods-AllInOne/Pods-AllInOne-resources.sh\"\n";
			showEnvVarsInLog = 0;
		};
/* End PBXShellScriptBuildPhase section */

/* Begin PBXSourcesBuildPhase section */
		E256259221A4F672004A213C /* Sources */ = {
			isa = PBXSourcesBuildPhase;
			buildActionMask = 2147483647;
			files = (
				E21820B822005BC90050B7D1 /* TaskEmptyView.swift in Sources */,
				E260A59221FB1A4E00DFD1BB /* QRCodeUtil.swift in Sources */,
				E29D1D5421FEFBC400316F36 /* ScanController.swift in Sources */,
				E260A59021FAFAEC00DFD1BB /* ExpressModel.swift in Sources */,
				E215D78A21F086E10008D9F1 /* ExtenSion.swift in Sources */,
				E256259C21A4F672004A213C /* ViewController.swift in Sources */,
				E230892521F1AAF80098810B /* CalendarHistoryModel.swift in Sources */,
				E260A58E21FAFAA000DFD1BB /* NetWorkTools.swift in Sources */,
				E215D78821F0833F0008D9F1 /* HomeTopView.swift in Sources */,
				E230891021F172B60098810B /* HomeCollectionCell.swift in Sources */,
				E230892A21F1B2F60098810B /* EXPressController.swift in Sources */,
				E230892C21F1BBF80098810B /* ExpressCell.swift in Sources */,
				E230892321F1AAF80098810B /* CalendarController.swift in Sources */,
				E230892421F1AAF80098810B /* CalendarModel.swift in Sources */,
				E230892721F1AAF80098810B /* CalendarTodayHistoryCell.swift in Sources */,
				E2602CB821A7A3F8008A3A06 /* CommonModel.swift in Sources */,
				E215D78521F07BF30008D9F1 /* HomeNavController.swift in Sources */,
				E25625CF21A503E4004A213C /* CommonDefin.swift in Sources */,
				E256259A21A4F672004A213C /* AppDelegate.swift in Sources */,
				E230892821F1AAF80098810B /* LunarFormatter.swift in Sources */,
				E230892621F1AAF80098810B /* CalendarInfoCell.swift in Sources */,
				E21820B622004C230050B7D1 /* CalenderTaskCell.swift in Sources */,
				E260A59421FB1AAD00DFD1BB /* QRCodeController.swift in Sources */,
			);
			runOnlyForDeploymentPostprocessing = 0;
		};
		E25625A621A4F674004A213C /* Sources */ = {
			isa = PBXSourcesBuildPhase;
			buildActionMask = 2147483647;
			files = (
				E25625AF21A4F674004A213C /* AllInOneTests.swift in Sources */,
			);
			runOnlyForDeploymentPostprocessing = 0;
		};
		E25625B121A4F674004A213C /* Sources */ = {
			isa = PBXSourcesBuildPhase;
			buildActionMask = 2147483647;
			files = (
				E25625BA21A4F674004A213C /* AllInOneUITests.swift in Sources */,
			);
			runOnlyForDeploymentPostprocessing = 0;
		};
/* End PBXSourcesBuildPhase section */

/* Begin PBXTargetDependency section */
		E25625AC21A4F674004A213C /* PBXTargetDependency */ = {
			isa = PBXTargetDependency;
			target = E256259521A4F672004A213C /* AllInOne */;
			targetProxy = E25625AB21A4F674004A213C /* PBXContainerItemProxy */;
		};
		E25625B721A4F674004A213C /* PBXTargetDependency */ = {
			isa = PBXTargetDependency;
			target = E256259521A4F672004A213C /* AllInOne */;
			targetProxy = E25625B621A4F674004A213C /* PBXContainerItemProxy */;
		};
/* End PBXTargetDependency section */

/* Begin PBXVariantGroup section */
		E256259D21A4F673004A213C /* Main.storyboard */ = {
			isa = PBXVariantGroup;
			children = (
				E256259E21A4F673004A213C /* Base */,
			);
			name = Main.storyboard;
			sourceTree = "<group>";
		};
		E25625A221A4F674004A213C /* LaunchScreen.storyboard */ = {
			isa = PBXVariantGroup;
			children = (
				E25625A321A4F674004A213C /* Base */,
			);
			name = LaunchScreen.storyboard;
			sourceTree = "<group>";
		};
/* End PBXVariantGroup section */

/* Begin XCBuildConfiguration section */
		E25625BC21A4F674004A213C /* Debug */ = {
			isa = XCBuildConfiguration;
			buildSettings = {
				ALWAYS_SEARCH_USER_PATHS = NO;
				CLANG_ANALYZER_NONNULL = YES;
				CLANG_ANALYZER_NUMBER_OBJECT_CONVERSION = YES_AGGRESSIVE;
				CLANG_CXX_LANGUAGE_STANDARD = "gnu++14";
				CLANG_CXX_LIBRARY = "libc++";
				CLANG_ENABLE_MODULES = YES;
				CLANG_ENABLE_OBJC_ARC = YES;
				CLANG_ENABLE_OBJC_WEAK = YES;
				CLANG_WARN_BLOCK_CAPTURE_AUTORELEASING = YES;
				CLANG_WARN_BOOL_CONVERSION = YES;
				CLANG_WARN_COMMA = YES;
				CLANG_WARN_CONSTANT_CONVERSION = YES;
				CLANG_WARN_DEPRECATED_OBJC_IMPLEMENTATIONS = YES;
				CLANG_WARN_DIRECT_OBJC_ISA_USAGE = YES_ERROR;
				CLANG_WARN_DOCUMENTATION_COMMENTS = YES;
				CLANG_WARN_EMPTY_BODY = YES;
				CLANG_WARN_ENUM_CONVERSION = YES;
				CLANG_WARN_INFINITE_RECURSION = YES;
				CLANG_WARN_INT_CONVERSION = YES;
				CLANG_WARN_NON_LITERAL_NULL_CONVERSION = YES;
				CLANG_WARN_OBJC_IMPLICIT_RETAIN_SELF = YES;
				CLANG_WARN_OBJC_LITERAL_CONVERSION = YES;
				CLANG_WARN_OBJC_ROOT_CLASS = YES_ERROR;
				CLANG_WARN_RANGE_LOOP_ANALYSIS = YES;
				CLANG_WARN_STRICT_PROTOTYPES = YES;
				CLANG_WARN_SUSPICIOUS_MOVE = YES;
				CLANG_WARN_UNGUARDED_AVAILABILITY = YES_AGGRESSIVE;
				CLANG_WARN_UNREACHABLE_CODE = YES;
				CLANG_WARN__DUPLICATE_METHOD_MATCH = YES;
				CODE_SIGN_IDENTITY = "iPhone Developer";
				COPY_PHASE_STRIP = NO;
				DEBUG_INFORMATION_FORMAT = dwarf;
				ENABLE_STRICT_OBJC_MSGSEND = YES;
				ENABLE_TESTABILITY = YES;
				GCC_C_LANGUAGE_STANDARD = gnu11;
				GCC_DYNAMIC_NO_PIC = NO;
				GCC_NO_COMMON_BLOCKS = YES;
				GCC_OPTIMIZATION_LEVEL = 0;
				GCC_PREPROCESSOR_DEFINITIONS = (
					"DEBUG=1",
					"$(inherited)",
				);
				GCC_WARN_64_TO_32_BIT_CONVERSION = YES;
				GCC_WARN_ABOUT_RETURN_TYPE = YES_ERROR;
				GCC_WARN_UNDECLARED_SELECTOR = YES;
				GCC_WARN_UNINITIALIZED_AUTOS = YES_AGGRESSIVE;
				GCC_WARN_UNUSED_FUNCTION = YES;
				GCC_WARN_UNUSED_VARIABLE = YES;
				IPHONEOS_DEPLOYMENT_TARGET = 12.1;
				MTL_ENABLE_DEBUG_INFO = INCLUDE_SOURCE;
				MTL_FAST_MATH = YES;
				ONLY_ACTIVE_ARCH = YES;
				SDKROOT = iphoneos;
				SWIFT_ACTIVE_COMPILATION_CONDITIONS = DEBUG;
				SWIFT_OPTIMIZATION_LEVEL = "-Onone";
			};
			name = Debug;
		};
		E25625BD21A4F674004A213C /* Release */ = {
			isa = XCBuildConfiguration;
			buildSettings = {
				ALWAYS_SEARCH_USER_PATHS = NO;
				CLANG_ANALYZER_NONNULL = YES;
				CLANG_ANALYZER_NUMBER_OBJECT_CONVERSION = YES_AGGRESSIVE;
				CLANG_CXX_LANGUAGE_STANDARD = "gnu++14";
				CLANG_CXX_LIBRARY = "libc++";
				CLANG_ENABLE_MODULES = YES;
				CLANG_ENABLE_OBJC_ARC = YES;
				CLANG_ENABLE_OBJC_WEAK = YES;
				CLANG_WARN_BLOCK_CAPTURE_AUTORELEASING = YES;
				CLANG_WARN_BOOL_CONVERSION = YES;
				CLANG_WARN_COMMA = YES;
				CLANG_WARN_CONSTANT_CONVERSION = YES;
				CLANG_WARN_DEPRECATED_OBJC_IMPLEMENTATIONS = YES;
				CLANG_WARN_DIRECT_OBJC_ISA_USAGE = YES_ERROR;
				CLANG_WARN_DOCUMENTATION_COMMENTS = YES;
				CLANG_WARN_EMPTY_BODY = YES;
				CLANG_WARN_ENUM_CONVERSION = YES;
				CLANG_WARN_INFINITE_RECURSION = YES;
				CLANG_WARN_INT_CONVERSION = YES;
				CLANG_WARN_NON_LITERAL_NULL_CONVERSION = YES;
				CLANG_WARN_OBJC_IMPLICIT_RETAIN_SELF = YES;
				CLANG_WARN_OBJC_LITERAL_CONVERSION = YES;
				CLANG_WARN_OBJC_ROOT_CLASS = YES_ERROR;
				CLANG_WARN_RANGE_LOOP_ANALYSIS = YES;
				CLANG_WARN_STRICT_PROTOTYPES = YES;
				CLANG_WARN_SUSPICIOUS_MOVE = YES;
				CLANG_WARN_UNGUARDED_AVAILABILITY = YES_AGGRESSIVE;
				CLANG_WARN_UNREACHABLE_CODE = YES;
				CLANG_WARN__DUPLICATE_METHOD_MATCH = YES;
				CODE_SIGN_IDENTITY = "iPhone Developer";
				COPY_PHASE_STRIP = NO;
				DEBUG_INFORMATION_FORMAT = "dwarf-with-dsym";
				ENABLE_NS_ASSERTIONS = NO;
				ENABLE_STRICT_OBJC_MSGSEND = YES;
				GCC_C_LANGUAGE_STANDARD = gnu11;
				GCC_NO_COMMON_BLOCKS = YES;
				GCC_WARN_64_TO_32_BIT_CONVERSION = YES;
				GCC_WARN_ABOUT_RETURN_TYPE = YES_ERROR;
				GCC_WARN_UNDECLARED_SELECTOR = YES;
				GCC_WARN_UNINITIALIZED_AUTOS = YES_AGGRESSIVE;
				GCC_WARN_UNUSED_FUNCTION = YES;
				GCC_WARN_UNUSED_VARIABLE = YES;
				IPHONEOS_DEPLOYMENT_TARGET = 12.1;
				MTL_ENABLE_DEBUG_INFO = NO;
				MTL_FAST_MATH = YES;
				SDKROOT = iphoneos;
				SWIFT_COMPILATION_MODE = wholemodule;
				SWIFT_OPTIMIZATION_LEVEL = "-O";
				VALIDATE_PRODUCT = YES;
			};
			name = Release;
		};
		E25625BF21A4F674004A213C /* Debug */ = {
			isa = XCBuildConfiguration;
			baseConfigurationReference = FFF19CD84A001EEE63D337EE /* Pods-AllInOne.debug.xcconfig */;
			buildSettings = {
				ASSETCATALOG_COMPILER_APPICON_NAME = AppIcon;
				CODE_SIGN_IDENTITY = "iPhone Developer";
				CODE_SIGN_STYLE = Automatic;
				DEVELOPMENT_TEAM = 7E26DUM925;
				GCC_PREFIX_HEADER = "";
				INFOPLIST_FILE = AllInOne/Info.plist;
				IPHONEOS_DEPLOYMENT_TARGET = 11.1;
				LD_RUNPATH_SEARCH_PATHS = (
					"$(inherited)",
					"@executable_path/Frameworks",
				);
				PRODUCT_BUNDLE_IDENTIFIER = MCSwift.AllInOne;
				PRODUCT_NAME = "$(TARGET_NAME)";
				PROVISIONING_PROFILE_SPECIFIER = "";
				SWIFT_OBJC_BRIDGING_HEADER = "/Users/macongcong/Desktop/AllInOne/AllInOne/AllInOne/Objc-Bridge-Header.h";
				SWIFT_VERSION = 4.2;
				TARGETED_DEVICE_FAMILY = "1,2";
				USER_HEADER_SEARCH_PATHS = "$(PODS_ROOT)/**";
			};
			name = Debug;
		};
		E25625C021A4F674004A213C /* Release */ = {
			isa = XCBuildConfiguration;
			baseConfigurationReference = 0BD4C38962B936597C7CFA14 /* Pods-AllInOne.release.xcconfig */;
			buildSettings = {
				ASSETCATALOG_COMPILER_APPICON_NAME = AppIcon;
				CODE_SIGN_IDENTITY = "iPhone Developer";
				CODE_SIGN_STYLE = Automatic;
				DEVELOPMENT_TEAM = 7E26DUM925;
				GCC_PREFIX_HEADER = "";
				INFOPLIST_FILE = AllInOne/Info.plist;
				IPHONEOS_DEPLOYMENT_TARGET = 11.1;
				LD_RUNPATH_SEARCH_PATHS = (
					"$(inherited)",
					"@executable_path/Frameworks",
				);
				PRODUCT_BUNDLE_IDENTIFIER = MCSwift.AllInOne;
				PRODUCT_NAME = "$(TARGET_NAME)";
				PROVISIONING_PROFILE_SPECIFIER = "";
				SWIFT_OBJC_BRIDGING_HEADER = "/Users/macongcong/Desktop/AllInOne/AllInOne/AllInOne/Objc-Bridge-Header.h";
				SWIFT_VERSION = 4.2;
				TARGETED_DEVICE_FAMILY = "1,2";
				USER_HEADER_SEARCH_PATHS = "$(PODS_ROOT)/**";
			};
			name = Release;
		};
		E25625C221A4F674004A213C /* Debug */ = {
			isa = XCBuildConfiguration;
			buildSettings = {
				ALWAYS_EMBED_SWIFT_STANDARD_LIBRARIES = YES;
				BUNDLE_LOADER = "$(TEST_HOST)";
				CODE_SIGN_STYLE = Automatic;
				INFOPLIST_FILE = AllInOneTests/Info.plist;
				LD_RUNPATH_SEARCH_PATHS = (
					"$(inherited)",
					"@executable_path/Frameworks",
					"@loader_path/Frameworks",
				);
				PRODUCT_BUNDLE_IDENTIFIER = MCSwift.AllInOneTests;
				PRODUCT_NAME = "$(TARGET_NAME)";
				SWIFT_VERSION = 4.2;
				TARGETED_DEVICE_FAMILY = "1,2";
				TEST_HOST = "$(BUILT_PRODUCTS_DIR)/AllInOne.app/AllInOne";
			};
			name = Debug;
		};
		E25625C321A4F674004A213C /* Release */ = {
			isa = XCBuildConfiguration;
			buildSettings = {
				ALWAYS_EMBED_SWIFT_STANDARD_LIBRARIES = YES;
				BUNDLE_LOADER = "$(TEST_HOST)";
				CODE_SIGN_STYLE = Automatic;
				INFOPLIST_FILE = AllInOneTests/Info.plist;
				LD_RUNPATH_SEARCH_PATHS = (
					"$(inherited)",
					"@executable_path/Frameworks",
					"@loader_path/Frameworks",
				);
				PRODUCT_BUNDLE_IDENTIFIER = MCSwift.AllInOneTests;
				PRODUCT_NAME = "$(TARGET_NAME)";
				SWIFT_VERSION = 4.2;
				TARGETED_DEVICE_FAMILY = "1,2";
				TEST_HOST = "$(BUILT_PRODUCTS_DIR)/AllInOne.app/AllInOne";
			};
			name = Release;
		};
		E25625C521A4F674004A213C /* Debug */ = {
			isa = XCBuildConfiguration;
			buildSettings = {
				ALWAYS_EMBED_SWIFT_STANDARD_LIBRARIES = YES;
				CODE_SIGN_STYLE = Automatic;
				INFOPLIST_FILE = AllInOneUITests/Info.plist;
				LD_RUNPATH_SEARCH_PATHS = (
					"$(inherited)",
					"@executable_path/Frameworks",
					"@loader_path/Frameworks",
				);
				PRODUCT_BUNDLE_IDENTIFIER = MCSwift.AllInOneUITests;
				PRODUCT_NAME = "$(TARGET_NAME)";
				SWIFT_VERSION = 4.2;
				TARGETED_DEVICE_FAMILY = "1,2";
				TEST_TARGET_NAME = AllInOne;
			};
			name = Debug;
		};
		E25625C621A4F674004A213C /* Release */ = {
			isa = XCBuildConfiguration;
			buildSettings = {
				ALWAYS_EMBED_SWIFT_STANDARD_LIBRARIES = YES;
				CODE_SIGN_STYLE = Automatic;
				INFOPLIST_FILE = AllInOneUITests/Info.plist;
				LD_RUNPATH_SEARCH_PATHS = (
					"$(inherited)",
					"@executable_path/Frameworks",
					"@loader_path/Frameworks",
				);
				PRODUCT_BUNDLE_IDENTIFIER = MCSwift.AllInOneUITests;
				PRODUCT_NAME = "$(TARGET_NAME)";
				SWIFT_VERSION = 4.2;
				TARGETED_DEVICE_FAMILY = "1,2";
				TEST_TARGET_NAME = AllInOne;
			};
			name = Release;
		};
/* End XCBuildConfiguration section */

/* Begin XCConfigurationList section */
		E256259121A4F672004A213C /* Build configuration list for PBXProject "AllInOne" */ = {
			isa = XCConfigurationList;
			buildConfigurations = (
				E25625BC21A4F674004A213C /* Debug */,
				E25625BD21A4F674004A213C /* Release */,
			);
			defaultConfigurationIsVisible = 0;
			defaultConfigurationName = Release;
		};
		E25625BE21A4F674004A213C /* Build configuration list for PBXNativeTarget "AllInOne" */ = {
			isa = XCConfigurationList;
			buildConfigurations = (
				E25625BF21A4F674004A213C /* Debug */,
				E25625C021A4F674004A213C /* Release */,
			);
			defaultConfigurationIsVisible = 0;
			defaultConfigurationName = Release;
		};
		E25625C121A4F674004A213C /* Build configuration list for PBXNativeTarget "AllInOneTests" */ = {
			isa = XCConfigurationList;
			buildConfigurations = (
				E25625C221A4F674004A213C /* Debug */,
				E25625C321A4F674004A213C /* Release */,
			);
			defaultConfigurationIsVisible = 0;
			defaultConfigurationName = Release;
		};
		E25625C421A4F674004A213C /* Build configuration list for PBXNativeTarget "AllInOneUITests" */ = {
			isa = XCConfigurationList;
			buildConfigurations = (
				E25625C521A4F674004A213C /* Debug */,
				E25625C621A4F674004A213C /* Release */,
			);
			defaultConfigurationIsVisible = 0;
			defaultConfigurationName = Release;
		};
/* End XCConfigurationList section */
	};
	rootObject = E256258E21A4F672004A213C /* Project object */;
}
